<?xml version="1.0" encoding="utf-8"?>
<Project ToolsVersion="4.0" xmlns="http://schemas.microsoft.com/developer/msbuild/2003">
  <ItemGroup>
    <ClCompile Include="pch.cpp">
      <Filter>utilities</Filter>
    </ClCompile>
    <ClCompile Include="node_test.cpp">
      <Filter>test</Filter>
    </ClCompile>
  </ItemGroup>
  <ItemGroup>
    <Filter Include="utilities">
      <UniqueIdentifier>{19cd256a-12b5-42ae-9184-7f000eb84a28}</UniqueIdentifier>
    </Filter>
    <Filter Include="test">
      <UniqueIdentifier>{0568f45b-615a-4ca6-95a0-30849b2ae282}</UniqueIdentifier>
    </Filter>
  </ItemGroup>
  <ItemGroup>
    <ClInclude Include="pch.h">
      <Filter>utilities</Filter>
    </ClInclude>
  </ItemGroup>
  <ItemGroup>
    <None Include="packages.config">
      <Filter>utilities</Filter>
    </None>
  </ItemGroup>
</Project>